
Microsoft Visual Studio Solution File, Format Version 12.00
# Visual Studio 15
VisualStudioVersion = 15.0.26730.12
MinimumVisualStudioVersion = 10.0.40219.1
Project("{FAE04EC0-301F-11D3-BF4B-00C04F79EFBC}") = "AnimalGuess.UIConsole", "AnimalGuess.UIConsole\AnimalGuess.UIConsole.csproj", "{63C1CE80-6487-4FE1-8DFC-6BC81CBC23BE}"
EndProject
Project("{FAE04EC0-301F-11D3-BF4B-00C04F79EFBC}") = "AnimalGuess.Module", "AnimalGuess.Module\AnimalGuess.Module.csproj", "{C22BAAAF-EB83-49F7-AC90-FBCA3648A2AF}"
EndProject
Global
	GlobalSection(SolutionConfigurationPlatforms) = preSolution
		Debug|Any CPU = Debug|Any CPU
		Release|Any CPU = Release|Any CPU
	EndGlobalSection
	GlobalSection(ProjectConfigurationPlatforms) = postSolution
		{63C1CE80-6487-4FE1-8DFC-6BC81CBC23BE}.Debug|Any CPU.ActiveCfg = Debug|Any CPU
		{63C1CE80-6487-4FE1-8DFC-6BC81CBC23BE}.Debug|Any CPU.Build.0 = Debug|Any CPU
		{63C1CE80-6487-4FE1-8DFC-6BC81CBC23BE}.Release|Any CPU.ActiveCfg = Release|Any CPU
		{63C1CE80-6487-4FE1-8DFC-6BC81CBC23BE}.Release|Any CPU.Build.0 = Release|Any CPU
		{C22BAAAF-EB83-49F7-AC90-FBCA3648A2AF}.Debug|Any CPU.ActiveCfg = Debug|Any CPU
		{C22BAAAF-EB83-49F7-AC90-FBCA3648A2AF}.Debug|Any CPU.Build.0 = Debug|Any CPU
		{C22BAAAF-EB83-49F7-AC90-FBCA3648A2AF}.Release|Any CPU.ActiveCfg = Release|Any CPU
		{C22BAAAF-EB83-49F7-AC90-FBCA3648A2AF}.Release|Any CPU.Build.0 = Release|Any CPU
	EndGlobalSection
	GlobalSection(SolutionProperties) = preSolution
		HideSolutionNode = FALSE
	EndGlobalSection
	GlobalSection(ExtensibilityGlobals) = postSolution
		SolutionGuid = {AE277360-8702-4244-93BF-5B83C1341430}
	EndGlobalSection
EndGlobal
